
Microsoft Visual Studio Solution File, Format Version 12.00
# Visual Studio Version 17
VisualStudioVersion = 17.9.34723.18
MinimumVisualStudioVersion = 10.0.40219.1
Project("{FAE04EC0-301F-11D3-BF4B-00C04F79EFBC}") = "JsonMockServer", "MockIt.NET\JsonMockServer.csproj", "{8293020D-E74A-46A9-A56B-14D7190C93FD}"
EndProject
Global
	GlobalSection(SolutionConfigurationPlatforms) = preSolution
		Debug|Any CPU = Debug|Any CPU
		Release|Any CPU = Release|Any CPU
	EndGlobalSection
	GlobalSection(ProjectConfigurationPlatforms) = postSolution
		{8293020D-E74A-46A9-A56B-14D7190C93FD}.Debug|Any CPU.ActiveCfg = Debug|Any CPU
		{8293020D-E74A-46A9-A56B-14D7190C93FD}.Debug|Any CPU.Build.0 = Debug|Any CPU
		{8293020D-E74A-46A9-A56B-14D7190C93FD}.Release|Any CPU.ActiveCfg = Release|Any CPU
		{8293020D-E74A-46A9-A56B-14D7190C93FD}.Release|Any CPU.Build.0 = Release|Any CPU
	EndGlobalSection
	GlobalSection(SolutionProperties) = preSolution
		HideSolutionNode = FALSE
	EndGlobalSection
	GlobalSection(ExtensibilityGlobals) = postSolution
		SolutionGuid = {FF1396D9-FD2F-45B3-9F9F-654550391873}
	EndGlobalSection
EndGlobal
